
Microsoft Visual Studio Solution File, Format Version 12.00
# Visual Studio Version 16
VisualStudioVersion = 16.0.32901.82
MinimumVisualStudioVersion = 10.0.40219.1
Project("{FAE04EC0-301F-11D3-BF4B-00C04F79EFBC}") = "SRP", "SOLID\SRP.csproj", "{DC3BB8D3-6467-4DF6-AD76-D3E2D58FADE6}"
EndProject
Project("{FAE04EC0-301F-11D3-BF4B-00C04F79EFBC}") = "OCP", "OCP\OCP.csproj", "{05410025-CE41-4425-B4BD-D9827C74CE63}"
EndProject
Project("{FAE04EC0-301F-11D3-BF4B-00C04F79EFBC}") = "LSP", "LSP\LSP.csproj", "{40EADD3F-DA8F-476D-9695-D9DAA9A53E58}"
EndProject
Project("{FAE04EC0-301F-11D3-BF4B-00C04F79EFBC}") = "ISP", "ISP\ISP.csproj", "{895791F1-E338-4172-A72B-0F0CA12BE671}"
EndProject
Project("{FAE04EC0-301F-11D3-BF4B-00C04F79EFBC}") = "DIP", "DIP\DIP.csproj", "{422617F7-15C0-4A5E-BCF6-FE3BE9830EA2}"
EndProject
Global
	GlobalSection(SolutionConfigurationPlatforms) = preSolution
		Debug|Any CPU = Debug|Any CPU
		Release|Any CPU = Release|Any CPU
	EndGlobalSection
	GlobalSection(ProjectConfigurationPlatforms) = postSolution
		{DC3BB8D3-6467-4DF6-AD76-D3E2D58FADE6}.Debug|Any CPU.ActiveCfg = Debug|Any CPU
		{DC3BB8D3-6467-4DF6-AD76-D3E2D58FADE6}.Debug|Any CPU.Build.0 = Debug|Any CPU
		{DC3BB8D3-6467-4DF6-AD76-D3E2D58FADE6}.Release|Any CPU.ActiveCfg = Release|Any CPU
		{DC3BB8D3-6467-4DF6-AD76-D3E2D58FADE6}.Release|Any CPU.Build.0 = Release|Any CPU
		{05410025-CE41-4425-B4BD-D9827C74CE63}.Debug|Any CPU.ActiveCfg = Debug|Any CPU
		{05410025-CE41-4425-B4BD-D9827C74CE63}.Debug|Any CPU.Build.0 = Debug|Any CPU
		{05410025-CE41-4425-B4BD-D9827C74CE63}.Release|Any CPU.ActiveCfg = Release|Any CPU
		{05410025-CE41-4425-B4BD-D9827C74CE63}.Release|Any CPU.Build.0 = Release|Any CPU
		{40EADD3F-DA8F-476D-9695-D9DAA9A53E58}.Debug|Any CPU.ActiveCfg = Debug|Any CPU
		{40EADD3F-DA8F-476D-9695-D9DAA9A53E58}.Debug|Any CPU.Build.0 = Debug|Any CPU
		{40EADD3F-DA8F-476D-9695-D9DAA9A53E58}.Release|Any CPU.ActiveCfg = Release|Any CPU
		{40EADD3F-DA8F-476D-9695-D9DAA9A53E58}.Release|Any CPU.Build.0 = Release|Any CPU
		{895791F1-E338-4172-A72B-0F0CA12BE671}.Debug|Any CPU.ActiveCfg = Debug|Any CPU
		{895791F1-E338-4172-A72B-0F0CA12BE671}.Debug|Any CPU.Build.0 = Debug|Any CPU
		{895791F1-E338-4172-A72B-0F0CA12BE671}.Release|Any CPU.ActiveCfg = Release|Any CPU
		{895791F1-E338-4172-A72B-0F0CA12BE671}.Release|Any CPU.Build.0 = Release|Any CPU
		{422617F7-15C0-4A5E-BCF6-FE3BE9830EA2}.Debug|Any CPU.ActiveCfg = Debug|Any CPU
		{422617F7-15C0-4A5E-BCF6-FE3BE9830EA2}.Debug|Any CPU.Build.0 = Debug|Any CPU
		{422617F7-15C0-4A5E-BCF6-FE3BE9830EA2}.Release|Any CPU.ActiveCfg = Release|Any CPU
		{422617F7-15C0-4A5E-BCF6-FE3BE9830EA2}.Release|Any CPU.Build.0 = Release|Any CPU
	EndGlobalSection
	GlobalSection(SolutionProperties) = preSolution
		HideSolutionNode = FALSE
	EndGlobalSection
	GlobalSection(ExtensibilityGlobals) = postSolution
		SolutionGuid = {7A306361-2295-4DD9-9F91-0F569EA75A16}
	EndGlobalSection
EndGlobal
